
Microsoft Visual Studio Solution File, Format Version 12.00
# Visual Studio Version 17
VisualStudioVersion = 17.0.31903.59
MinimumVisualStudioVersion = 10.0.40219.1
Project("{FAE04EC0-301F-11D3-BF4B-00C04F79EFBC}") = "Projeto360.Dominio", "Projeto360.Dominio\Projeto360.Dominio.csproj", "{8F4D6C9A-37A4-4196-A522-8BEC9C18AF00}"
EndProject
Project("{FAE04EC0-301F-11D3-BF4B-00C04F79EFBC}") = "Projeto360.Repositorio", "Projeto360.Repositorio\Projeto360.Repositorio.csproj", "{E6F085B4-0AF6-4D7C-8490-C8A6BFFE110B}"
EndProject
Project("{FAE04EC0-301F-11D3-BF4B-00C04F79EFBC}") = "Projeto360.Aplicacao", "Projeto360.Aplicacao\Projeto360.Aplicacao.csproj", "{44976862-AC7E-4852-B921-FEA088B4BA34}"
EndProject
Project("{FAE04EC0-301F-11D3-BF4B-00C04F79EFBC}") = "Projeto360.Api", "Projeto360.Api\Projeto360.Api.csproj", "{750F204B-59BF-4887-B9C7-63C66CD62490}"
EndProject
Project("{FAE04EC0-301F-11D3-BF4B-00C04F79EFBC}") = "Projeto360.Servicoes", "Projeto360.Servicoes\Projeto360.Servicoes.csproj", "{8384C804-9DD7-4498-87EE-2AB1D6F981C9}"
EndProject
Global
	GlobalSection(SolutionConfigurationPlatforms) = preSolution
		Debug|Any CPU = Debug|Any CPU
		Release|Any CPU = Release|Any CPU
	EndGlobalSection
	GlobalSection(SolutionProperties) = preSolution
		HideSolutionNode = FALSE
	EndGlobalSection
	GlobalSection(ProjectConfigurationPlatforms) = postSolution
		{8F4D6C9A-37A4-4196-A522-8BEC9C18AF00}.Debug|Any CPU.ActiveCfg = Debug|Any CPU
		{8F4D6C9A-37A4-4196-A522-8BEC9C18AF00}.Debug|Any CPU.Build.0 = Debug|Any CPU
		{8F4D6C9A-37A4-4196-A522-8BEC9C18AF00}.Release|Any CPU.ActiveCfg = Release|Any CPU
		{8F4D6C9A-37A4-4196-A522-8BEC9C18AF00}.Release|Any CPU.Build.0 = Release|Any CPU
		{E6F085B4-0AF6-4D7C-8490-C8A6BFFE110B}.Debug|Any CPU.ActiveCfg = Debug|Any CPU
		{E6F085B4-0AF6-4D7C-8490-C8A6BFFE110B}.Debug|Any CPU.Build.0 = Debug|Any CPU
		{E6F085B4-0AF6-4D7C-8490-C8A6BFFE110B}.Release|Any CPU.ActiveCfg = Release|Any CPU
		{E6F085B4-0AF6-4D7C-8490-C8A6BFFE110B}.Release|Any CPU.Build.0 = Release|Any CPU
		{44976862-AC7E-4852-B921-FEA088B4BA34}.Debug|Any CPU.ActiveCfg = Debug|Any CPU
		{44976862-AC7E-4852-B921-FEA088B4BA34}.Debug|Any CPU.Build.0 = Debug|Any CPU
		{44976862-AC7E-4852-B921-FEA088B4BA34}.Release|Any CPU.ActiveCfg = Release|Any CPU
		{44976862-AC7E-4852-B921-FEA088B4BA34}.Release|Any CPU.Build.0 = Release|Any CPU
		{750F204B-59BF-4887-B9C7-63C66CD62490}.Debug|Any CPU.ActiveCfg = Debug|Any CPU
		{750F204B-59BF-4887-B9C7-63C66CD62490}.Debug|Any CPU.Build.0 = Debug|Any CPU
		{750F204B-59BF-4887-B9C7-63C66CD62490}.Release|Any CPU.ActiveCfg = Release|Any CPU
		{750F204B-59BF-4887-B9C7-63C66CD62490}.Release|Any CPU.Build.0 = Release|Any CPU
		{8384C804-9DD7-4498-87EE-2AB1D6F981C9}.Debug|Any CPU.ActiveCfg = Debug|Any CPU
		{8384C804-9DD7-4498-87EE-2AB1D6F981C9}.Debug|Any CPU.Build.0 = Debug|Any CPU
		{8384C804-9DD7-4498-87EE-2AB1D6F981C9}.Release|Any CPU.ActiveCfg = Release|Any CPU
		{8384C804-9DD7-4498-87EE-2AB1D6F981C9}.Release|Any CPU.Build.0 = Release|Any CPU
	EndGlobalSection
EndGlobal
